// !$*UTF8*$!
{
	archiveVersion = 1;
	classes = {
	};
	objectVersion = 48;
	objects = {

/* Begin PBXBuildFile section */
		CC9A42AF20138A0500BDA389 /* AppDelegate.swift in Sources */ = {isa = PBXBuildFile; fileRef = CC9A42AE20138A0500BDA389 /* AppDelegate.swift */; };
		CC9A42B120138A0500BDA389 /* ViewController.swift in Sources */ = {isa = PBXBuildFile; fileRef = CC9A42B020138A0500BDA389 /* ViewController.swift */; };
		CC9A42B320138A0500BDA389 /* Assets.xcassets in Resources */ = {isa = PBXBuildFile; fileRef = CC9A42B220138A0500BDA389 /* Assets.xcassets */; };
		CC9A42B620138A0500BDA389 /* Main.storyboard in Resources */ = {isa = PBXBuildFile; fileRef = CC9A42B420138A0500BDA389 /* Main.storyboard */; };
		CC9A42C02013916900BDA389 /* texture1.png in Resources */ = {isa = PBXBuildFile; fileRef = CC9A42BE2013916900BDA389 /* texture1.png */; };
		CC9A42C12013916900BDA389 /* texture2.png in Resources */ = {isa = PBXBuildFile; fileRef = CC9A42BF2013916900BDA389 /* texture2.png */; };
		CC9A42C32013BE5A00BDA389 /* NSImage+Z.swift in Sources */ = {isa = PBXBuildFile; fileRef = CC9A42C22013BE5A00BDA389 /* NSImage+Z.swift */; };
		CC9A42C52013D5FF00BDA389 /* texture3.png in Resources */ = {isa = PBXBuildFile; fileRef = CC9A42C42013D5FF00BDA389 /* texture3.png */; };
		CC9A42C82015A4A800BDA389 /* texture4.png in Resources */ = {isa = PBXBuildFile; fileRef = CC9A42C72015A4A800BDA389 /* texture4.png */; };
/* End PBXBuildFile section */

/* Begin PBXFileReference section */
		CC9A42AB20138A0500BDA389 /* BlendFuncTest.app */ = {isa = PBXFileReference; explicitFileType = wrapper.application; includeInIndex = 0; path = BlendFuncTest.app; sourceTree = BUILT_PRODUCTS_DIR; };
		CC9A42AE20138A0500BDA389 /* AppDelegate.swift */ = {isa = PBXFileReference; lastKnownFileType = sourcecode.swift; path = AppDelegate.swift; sourceTree = "<group>"; };
		CC9A42B020138A0500BDA389 /* ViewController.swift */ = {isa = PBXFileReference; lastKnownFileType = sourcecode.swift; path = ViewController.swift; sourceTree = "<group>"; };
		CC9A42B220138A0500BDA389 /* Assets.xcassets */ = {isa = PBXFileReference; lastKnownFileType = folder.assetcatalog; path = Assets.xcassets; sourceTree = "<group>"; };
		CC9A42B520138A0500BDA389 /* Base */ = {isa = PBXFileReference; lastKnownFileType = file.storyboard; name = Base; path = Base.lproj/Main.storyboard; sourceTree = "<group>"; };
		CC9A42B720138A0500BDA389 /* Info.plist */ = {isa = PBXFileReference; lastKnownFileType = text.plist.xml; path = Info.plist; sourceTree = "<group>"; };
		CC9A42B820138A0500BDA389 /* BlendFuncTest.entitlements */ = {isa = PBXFileReference; lastKnownFileType = text.plist.entitlements; path = BlendFuncTest.entitlements; sourceTree = "<group>"; };
		CC9A42BE2013916900BDA389 /* texture1.png */ = {isa = PBXFileReference; lastKnownFileType = image.png; path = texture1.png; sourceTree = "<group>"; };
		CC9A42BF2013916900BDA389 /* texture2.png */ = {isa = PBXFileReference; lastKnownFileType = image.png; path = texture2.png; sourceTree = "<group>"; };
		CC9A42C22013BE5A00BDA389 /* NSImage+Z.swift */ = {isa = PBXFileReference; fileEncoding = 4; lastKnownFileType = sourcecode.swift; path = "NSImage+Z.swift"; sourceTree = "<group>"; };
		CC9A42C42013D5FF00BDA389 /* texture3.png */ = {isa = PBXFileReference; lastKnownFileType = image.png; path = texture3.png; sourceTree = "<group>"; };
		CC9A42C72015A4A800BDA389 /* texture4.png */ = {isa = PBXFileReference; lastKnownFileType = image.png; path = texture4.png; sourceTree = "<group>"; };
/* End PBXFileReference section */

/* Begin PBXFrameworksBuildPhase section */
		CC9A42A820138A0500BDA389 /* Frameworks */ = {
			isa = PBXFrameworksBuildPhase;
			buildActionMask = 2147483647;
			files = (
			);
			runOnlyForDeploymentPostprocessing = 0;
		};
/* End PBXFrameworksBuildPhase section */

/* Begin PBXGroup section */
		CC9A42A220138A0500BDA389 = {
			isa = PBXGroup;
			children = (
				CC9A42AD20138A0500BDA389 /* BlendFuncTest */,
				CC9A42AC20138A0500BDA389 /* Products */,
			);
			sourceTree = "<group>";
		};
		CC9A42AC20138A0500BDA389 /* Products */ = {
			isa = PBXGroup;
			children = (
				CC9A42AB20138A0500BDA389 /* BlendFuncTest.app */,
			);
			name = Products;
			sourceTree = "<group>";
		};
		CC9A42AD20138A0500BDA389 /* BlendFuncTest */ = {
			isa = PBXGroup;
			children = (
				CC9A42AE20138A0500BDA389 /* AppDelegate.swift */,
				CC9A42B220138A0500BDA389 /* Assets.xcassets */,
				CC9A42B820138A0500BDA389 /* BlendFuncTest.entitlements */,
				CC9A42B720138A0500BDA389 /* Info.plist */,
				CC9A42B420138A0500BDA389 /* Main.storyboard */,
				CC9A42C22013BE5A00BDA389 /* NSImage+Z.swift */,
				CC9A42BE2013916900BDA389 /* texture1.png */,
				CC9A42BF2013916900BDA389 /* texture2.png */,
				CC9A42C42013D5FF00BDA389 /* texture3.png */,
				CC9A42C72015A4A800BDA389 /* texture4.png */,
				CC9A42B020138A0500BDA389 /* ViewController.swift */,
			);
			path = BlendFuncTest;
			sourceTree = "<group>";
		};
/* End PBXGroup section */

/* Begin PBXNativeTarget section */
		CC9A42AA20138A0500BDA389 /* BlendFuncTest */ = {
			isa = PBXNativeTarget;
			buildConfigurationList = CC9A42BB20138A0500BDA389 /* Build configuration list for PBXNativeTarget "BlendFuncTest" */;
			buildPhases = (
				CC9A42A720138A0500BDA389 /* Sources */,
				CC9A42A820138A0500BDA389 /* Frameworks */,
				CC9A42A920138A0500BDA389 /* Resources */,
			);
			buildRules = (
			);
			dependencies = (
			);
			name = BlendFuncTest;
			productName = BlendFuncTest;
			productReference = CC9A42AB20138A0500BDA389 /* BlendFuncTest.app */;
			productType = "com.apple.product-type.application";
		};
/* End PBXNativeTarget section */

/* Begin PBXProject section */
		CC9A42A320138A0500BDA389 /* Project object */ = {
			isa = PBXProject;
			attributes = {
				LastSwiftUpdateCheck = 0920;
				LastUpgradeCheck = 1010;
				ORGANIZATIONNAME = "Kaz Yoshikawa";
				TargetAttributes = {
					CC9A42AA20138A0500BDA389 = {
						CreatedOnToolsVersion = 9.2;
						LastSwiftMigration = 1020;
						ProvisioningStyle = Automatic;
					};
				};
			};
			buildConfigurationList = CC9A42A620138A0500BDA389 /* Build configuration list for PBXProject "BlendFuncTest" */;
			compatibilityVersion = "Xcode 8.0";
			developmentRegion = en;
			hasScannedForEncodings = 0;
			knownRegions = (
				en,
				Base,
			);
			mainGroup = CC9A42A220138A0500BDA389;
			productRefGroup = CC9A42AC20138A0500BDA389 /* Products */;
			projectDirPath = "";
			projectRoot = "";
			targets = (
				CC9A42AA20138A0500BDA389 /* BlendFuncTest */,
			);
		};
/* End PBXProject section */

/* Begin PBXResourcesBuildPhase section */
		CC9A42A920138A0500BDA389 /* Resources */ = {
			isa = PBXResourcesBuildPhase;
			buildActionMask = 2147483647;
			files = (
				CC9A42B320138A0500BDA389 /* Assets.xcassets in Resources */,
				CC9A42C52013D5FF00BDA389 /* texture3.png in Resources */,
				CC9A42C82015A4A800BDA389 /* texture4.png in Resources */,
				CC9A42B620138A0500BDA389 /* Main.storyboard in Resources */,
				CC9A42C12013916900BDA389 /* texture2.png in Resources */,
				CC9A42C02013916900BDA389 /* texture1.png in Resources */,
			);
			runOnlyForDeploymentPostprocessing = 0;
		};
/* End PBXResourcesBuildPhase section */

/* Begin PBXSourcesBuildPhase section */
		CC9A42A720138A0500BDA389 /* Sources */ = {
			isa = PBXSourcesBuildPhase;
			buildActionMask = 2147483647;
			files = (
				CC9A42B120138A0500BDA389 /* ViewController.swift in Sources */,
				CC9A42AF20138A0500BDA389 /* AppDelegate.swift in Sources */,
				CC9A42C32013BE5A00BDA389 /* NSImage+Z.swift in Sources */,
			);
			runOnlyForDeploymentPostprocessing = 0;
		};
/* End PBXSourcesBuildPhase section */

/* Begin PBXVariantGroup section */
		CC9A42B420138A0500BDA389 /* Main.storyboard */ = {
			isa = PBXVariantGroup;
			children = (
				CC9A42B520138A0500BDA389 /* Base */,
			);
			name = Main.storyboard;
			sourceTree = "<group>";
		};
/* End PBXVariantGroup section */

/* Begin XCBuildConfiguration section */
		CC9A42B920138A0500BDA389 /* Debug */ = {
			isa = XCBuildConfiguration;
			buildSettings = {
				ALWAYS_SEARCH_USER_PATHS = NO;
				CLANG_ANALYZER_NONNULL = YES;
				CLANG_ANALYZER_NUMBER_OBJECT_CONVERSION = YES_AGGRESSIVE;
				CLANG_CXX_LANGUAGE_STANDARD = "gnu++14";
				CLANG_CXX_LIBRARY = "libc++";
				CLANG_ENABLE_MODULES = YES;
				CLANG_ENABLE_OBJC_ARC = YES;
				CLANG_WARN_BLOCK_CAPTURE_AUTORELEASING = YES;
				CLANG_WARN_BOOL_CONVERSION = YES;
				CLANG_WARN_COMMA = YES;
				CLANG_WARN_CONSTANT_CONVERSION = YES;
				CLANG_WARN_DEPRECATED_OBJC_IMPLEMENTATIONS = YES;
				CLANG_WARN_DIRECT_OBJC_ISA_USAGE = YES_ERROR;
				CLANG_WARN_DOCUMENTATION_COMMENTS = YES;
				CLANG_WARN_EMPTY_BODY = YES;
				CLANG_WARN_ENUM_CONVERSION = YES;
				CLANG_WARN_INFINITE_RECURSION = YES;
				CLANG_WARN_INT_CONVERSION = YES;
				CLANG_WARN_NON_LITERAL_NULL_CONVERSION = YES;
				CLANG_WARN_OBJC_IMPLICIT_RETAIN_SELF = YES;
				CLANG_WARN_OBJC_LITERAL_CONVERSION = YES;
				CLANG_WARN_OBJC_ROOT_CLASS = YES_ERROR;
				CLANG_WARN_RANGE_LOOP_ANALYSIS = YES;
				CLANG_WARN_STRICT_PROTOTYPES = YES;
				CLANG_WARN_SUSPICIOUS_MOVE = YES;
				CLANG_WARN_UNGUARDED_AVAILABILITY = YES_AGGRESSIVE;
				CLANG_WARN_UNREACHABLE_CODE = YES;
				CLANG_WARN__DUPLICATE_METHOD_MATCH = YES;
				CODE_SIGN_IDENTITY = "Mac Developer";
				COPY_PHASE_STRIP = NO;
				DEBUG_INFORMATION_FORMAT = dwarf;
				ENABLE_STRICT_OBJC_MSGSEND = YES;
				ENABLE_TESTABILITY = YES;
				GCC_C_LANGUAGE_STANDARD = gnu11;
				GCC_DYNAMIC_NO_PIC = NO;
				GCC_NO_COMMON_BLOCKS = YES;
				GCC_OPTIMIZATION_LEVEL = 0;
				GCC_PREPROCESSOR_DEFINITIONS = (
					"DEBUG=1",
					"$(inherited)",
				);
				GCC_WARN_64_TO_32_BIT_CONVERSION = YES;
				GCC_WARN_ABOUT_RETURN_TYPE = YES_ERROR;
				GCC_WARN_UNDECLARED_SELECTOR = YES;
				GCC_WARN_UNINITIALIZED_AUTOS = YES_AGGRESSIVE;
				GCC_WARN_UNUSED_FUNCTION = YES;
				GCC_WARN_UNUSED_VARIABLE = YES;
				MACOSX_DEPLOYMENT_TARGET = 10.13;
				MTL_ENABLE_DEBUG_INFO = YES;
				ONLY_ACTIVE_ARCH = YES;
				SDKROOT = macosx;
				SWIFT_ACTIVE_COMPILATION_CONDITIONS = DEBUG;
				SWIFT_OPTIMIZATION_LEVEL = "-Onone";
				SWIFT_VERSION = 5.0;
			};
			name = Debug;
		};
		CC9A42BA20138A0500BDA389 /* Release */ = {
			isa = XCBuildConfiguration;
			buildSettings = {
				ALWAYS_SEARCH_USER_PATHS = NO;
				CLANG_ANALYZER_NONNULL = YES;
				CLANG_ANALYZER_NUMBER_OBJECT_CONVERSION = YES_AGGRESSIVE;
				CLANG_CXX_LANGUAGE_STANDARD = "gnu++14";
				CLANG_CXX_LIBRARY = "libc++";
				CLANG_ENABLE_MODULES = YES;
				CLANG_ENABLE_OBJC_ARC = YES;
				CLANG_WARN_BLOCK_CAPTURE_AUTORELEASING = YES;
				CLANG_WARN_BOOL_CONVERSION = YES;
				CLANG_WARN_COMMA = YES;
				CLANG_WARN_CONSTANT_CONVERSION = YES;
				CLANG_WARN_DEPRECATED_OBJC_IMPLEMENTATIONS = YES;
				CLANG_WARN_DIRECT_OBJC_ISA_USAGE = YES_ERROR;
				CLANG_WARN_DOCUMENTATION_COMMENTS = YES;
				CLANG_WARN_EMPTY_BODY = YES;
				CLANG_WARN_ENUM_CONVERSION = YES;
				CLANG_WARN_INFINITE_RECURSION = YES;
				CLANG_WARN_INT_CONVERSION = YES;
				CLANG_WARN_NON_LITERAL_NULL_CONVERSION = YES;
				CLANG_WARN_OBJC_IMPLICIT_RETAIN_SELF = YES;
				CLANG_WARN_OBJC_LITERAL_CONVERSION = YES;
				CLANG_WARN_OBJC_ROOT_CLASS = YES_ERROR;
				CLANG_WARN_RANGE_LOOP_ANALYSIS = YES;
				CLANG_WARN_STRICT_PROTOTYPES = YES;
				CLANG_WARN_SUSPICIOUS_MOVE = YES;
				CLANG_WARN_UNGUARDED_AVAILABILITY = YES_AGGRESSIVE;
				CLANG_WARN_UNREACHABLE_CODE = YES;
				CLANG_WARN__DUPLICATE_METHOD_MATCH = YES;
				CODE_SIGN_IDENTITY = "Mac Developer";
				COPY_PHASE_STRIP = NO;
				DEBUG_INFORMATION_FORMAT = "dwarf-with-dsym";
				ENABLE_NS_ASSERTIONS = NO;
				ENABLE_STRICT_OBJC_MSGSEND = YES;
				GCC_C_LANGUAGE_STANDARD = gnu11;
				GCC_NO_COMMON_BLOCKS = YES;
				GCC_WARN_64_TO_32_BIT_CONVERSION = YES;
				GCC_WARN_ABOUT_RETURN_TYPE = YES_ERROR;
				GCC_WARN_UNDECLARED_SELECTOR = YES;
				GCC_WARN_UNINITIALIZED_AUTOS = YES_AGGRESSIVE;
				GCC_WARN_UNUSED_FUNCTION = YES;
				GCC_WARN_UNUSED_VARIABLE = YES;
				MACOSX_DEPLOYMENT_TARGET = 10.13;
				MTL_ENABLE_DEBUG_INFO = NO;
				SDKROOT = macosx;
				SWIFT_OPTIMIZATION_LEVEL = "-Owholemodule";
				SWIFT_VERSION = 5.0;
			};
			name = Release;
		};
		CC9A42BC20138A0500BDA389 /* Debug */ = {
			isa = XCBuildConfiguration;
			buildSettings = {
				ASSETCATALOG_COMPILER_APPICON_NAME = AppIcon;
				CODE_SIGN_ENTITLEMENTS = BlendFuncTest/BlendFuncTest.entitlements;
				CODE_SIGN_STYLE = Automatic;
				COMBINE_HIDPI_IMAGES = YES;
				DEVELOPMENT_TEAM = 2P97EM4L4N;
				INFOPLIST_FILE = BlendFuncTest/Info.plist;
				LD_RUNPATH_SEARCH_PATHS = "$(inherited) @executable_path/../Frameworks";
				PRODUCT_BUNDLE_IDENTIFIER = com.electricwoods.BlendFuncTest;
				PRODUCT_NAME = "$(TARGET_NAME)";
				SWIFT_VERSION = 5.0;
			};
			name = Debug;
		};
		CC9A42BD20138A0500BDA389 /* Release */ = {
			isa = XCBuildConfiguration;
			buildSettings = {
				ASSETCATALOG_COMPILER_APPICON_NAME = AppIcon;
				CODE_SIGN_ENTITLEMENTS = BlendFuncTest/BlendFuncTest.entitlements;
				CODE_SIGN_STYLE = Automatic;
				COMBINE_HIDPI_IMAGES = YES;
				DEVELOPMENT_TEAM = 2P97EM4L4N;
				INFOPLIST_FILE = BlendFuncTest/Info.plist;
				LD_RUNPATH_SEARCH_PATHS = "$(inherited) @executable_path/../Frameworks";
				PRODUCT_BUNDLE_IDENTIFIER = com.electricwoods.BlendFuncTest;
				PRODUCT_NAME = "$(TARGET_NAME)";
				SWIFT_VERSION = 5.0;
			};
			name = Release;
		};
/* End XCBuildConfiguration section */

/* Begin XCConfigurationList section */
		CC9A42A620138A0500BDA389 /* Build configuration list for PBXProject "BlendFuncTest" */ = {
			isa = XCConfigurationList;
			buildConfigurations = (
				CC9A42B920138A0500BDA389 /* Debug */,
				CC9A42BA20138A0500BDA389 /* Release */,
			);
			defaultConfigurationIsVisible = 0;
			defaultConfigurationName = Release;
		};
		CC9A42BB20138A0500BDA389 /* Build configuration list for PBXNativeTarget "BlendFuncTest" */ = {
			isa = XCConfigurationList;
			buildConfigurations = (
				CC9A42BC20138A0500BDA389 /* Debug */,
				CC9A42BD20138A0500BDA389 /* Release */,
			);
			defaultConfigurationIsVisible = 0;
			defaultConfigurationName = Release;
		};
/* End XCConfigurationList section */
	};
	rootObject = CC9A42A320138A0500BDA389 /* Project object */;
}
